
Microsoft Visual Studio Solution File, Format Version 12.00
# Visual Studio Version 17
VisualStudioVersion = 17.8.34601.278
MinimumVisualStudioVersion = 10.0.40219.1
Project("{FAE04EC0-301F-11D3-BF4B-00C04F79EFBC}") = "holoduler.Server", "holoduler.Server\holoduler.Server.csproj", "{55D4AE63-EEEB-48B5-9D86-E31B57EAEE66}"
EndProject
Project("{54A90642-561A-4BB1-A94E-469ADEE60C69}") = "holoduler.client", "holoduler.client\holoduler.client.esproj", "{4518C8D4-7201-4001-9578-6CB06FDBAA59}"
EndProject
Global
	GlobalSection(SolutionConfigurationPlatforms) = preSolution
		Debug|Any CPU = Debug|Any CPU
		Release|Any CPU = Release|Any CPU
	EndGlobalSection
	GlobalSection(ProjectConfigurationPlatforms) = postSolution
		{55D4AE63-EEEB-48B5-9D86-E31B57EAEE66}.Debug|Any CPU.ActiveCfg = Debug|Any CPU
		{55D4AE63-EEEB-48B5-9D86-E31B57EAEE66}.Debug|Any CPU.Build.0 = Debug|Any CPU
		{55D4AE63-EEEB-48B5-9D86-E31B57EAEE66}.Release|Any CPU.ActiveCfg = Release|Any CPU
		{55D4AE63-EEEB-48B5-9D86-E31B57EAEE66}.Release|Any CPU.Build.0 = Release|Any CPU
		{4518C8D4-7201-4001-9578-6CB06FDBAA59}.Debug|Any CPU.ActiveCfg = Debug|Any CPU
		{4518C8D4-7201-4001-9578-6CB06FDBAA59}.Debug|Any CPU.Build.0 = Debug|Any CPU
		{4518C8D4-7201-4001-9578-6CB06FDBAA59}.Debug|Any CPU.Deploy.0 = Debug|Any CPU
		{4518C8D4-7201-4001-9578-6CB06FDBAA59}.Release|Any CPU.ActiveCfg = Release|Any CPU
		{4518C8D4-7201-4001-9578-6CB06FDBAA59}.Release|Any CPU.Build.0 = Release|Any CPU
		{4518C8D4-7201-4001-9578-6CB06FDBAA59}.Release|Any CPU.Deploy.0 = Release|Any CPU
	EndGlobalSection
	GlobalSection(SolutionProperties) = preSolution
		HideSolutionNode = FALSE
	EndGlobalSection
	GlobalSection(ExtensibilityGlobals) = postSolution
		SolutionGuid = {DC8E3CDE-E63F-4E0B-A652-A71CA9C04BBE}
	EndGlobalSection
EndGlobal
